
Microsoft Visual Studio Solution File, Format Version 12.00
# Visual Studio Version 17
VisualStudioVersion = 17.1.32228.430
MinimumVisualStudioVersion = 10.0.40219.1
Project("{8BC9CEB8-8B4A-11D0-8D11-00A0C91BC942}") = "TP03", "TP03\TP03.vcxproj", "{C853E62B-3B81-4CA3-9A04-18F3144C5564}"
EndProject
Global
	GlobalSection(SolutionConfigurationPlatforms) = preSolution
		Debug|x64 = Debug|x64
		Debug|x86 = Debug|x86
		Release|x64 = Release|x64
		Release|x86 = Release|x86
	EndGlobalSection
	GlobalSection(ProjectConfigurationPlatforms) = postSolution
		{C853E62B-3B81-4CA3-9A04-18F3144C5564}.Debug|x64.ActiveCfg = Debug|x64
		{C853E62B-3B81-4CA3-9A04-18F3144C5564}.Debug|x64.Build.0 = Debug|x64
		{C853E62B-3B81-4CA3-9A04-18F3144C5564}.Debug|x86.ActiveCfg = Debug|Win32
		{C853E62B-3B81-4CA3-9A04-18F3144C5564}.Debug|x86.Build.0 = Debug|Win32
		{C853E62B-3B81-4CA3-9A04-18F3144C5564}.Release|x64.ActiveCfg = Release|x64
		{C853E62B-3B81-4CA3-9A04-18F3144C5564}.Release|x64.Build.0 = Release|x64
		{C853E62B-3B81-4CA3-9A04-18F3144C5564}.Release|x86.ActiveCfg = Release|Win32
		{C853E62B-3B81-4CA3-9A04-18F3144C5564}.Release|x86.Build.0 = Release|Win32
	EndGlobalSection
	GlobalSection(SolutionProperties) = preSolution
		HideSolutionNode = FALSE
	EndGlobalSection
	GlobalSection(ExtensibilityGlobals) = postSolution
		SolutionGuid = {83B22562-76DB-4E2B-85F6-7AFEE3179EC1}
	EndGlobalSection
EndGlobal
